// !$*UTF8*$!
{
	archiveVersion = 1;
	classes = {
	};
	objectVersion = 51;
	objects = {

/* Begin PBXBuildFile section */
		C108C887269424EF00CEE9F0 /* AppDelegate.swift in Sources */ = {isa = PBXBuildFile; fileRef = C108C886269424EF00CEE9F0 /* AppDelegate.swift */; };
		C108C889269424EF00CEE9F0 /* SceneDelegate.swift in Sources */ = {isa = PBXBuildFile; fileRef = C108C888269424EF00CEE9F0 /* SceneDelegate.swift */; };
		C108C890269424F000CEE9F0 /* Assets.xcassets in Resources */ = {isa = PBXBuildFile; fileRef = C108C88F269424F000CEE9F0 /* Assets.xcassets */; };
		C108C893269424F000CEE9F0 /* LaunchScreen.storyboard in Resources */ = {isa = PBXBuildFile; fileRef = C108C891269424F000CEE9F0 /* LaunchScreen.storyboard */; };
		C108C8A52694286E00CEE9F0 /* MainPresenter.swift in Sources */ = {isa = PBXBuildFile; fileRef = C108C89D2694286E00CEE9F0 /* MainPresenter.swift */; };
		C108C8A62694286E00CEE9F0 /* MainWorker.swift in Sources */ = {isa = PBXBuildFile; fileRef = C108C89E2694286E00CEE9F0 /* MainWorker.swift */; };
		C108C8A72694286E00CEE9F0 /* MainRequest.swift in Sources */ = {isa = PBXBuildFile; fileRef = C108C89F2694286E00CEE9F0 /* MainRequest.swift */; };
		C108C8A82694286E00CEE9F0 /* MainRouter.swift in Sources */ = {isa = PBXBuildFile; fileRef = C108C8A02694286E00CEE9F0 /* MainRouter.swift */; };
		C108C8A92694286E00CEE9F0 /* MainViewController.swift in Sources */ = {isa = PBXBuildFile; fileRef = C108C8A12694286E00CEE9F0 /* MainViewController.swift */; };
		C108C8AA2694286E00CEE9F0 /* MainInteractor.swift in Sources */ = {isa = PBXBuildFile; fileRef = C108C8A22694286E00CEE9F0 /* MainInteractor.swift */; };
		C108C8AB2694286E00CEE9F0 /* MainConfigurator.swift in Sources */ = {isa = PBXBuildFile; fileRef = C108C8A32694286E00CEE9F0 /* MainConfigurator.swift */; };
		C108C8AE269428F400CEE9F0 /* RoutingAssitant.swift in Sources */ = {isa = PBXBuildFile; fileRef = C108C8AD269428F400CEE9F0 /* RoutingAssitant.swift */; };
		C108C8B226942E8600CEE9F0 /* DefaultMainTableViewCell.swift in Sources */ = {isa = PBXBuildFile; fileRef = C108C8B126942E8600CEE9F0 /* DefaultMainTableViewCell.swift */; };
		C108C8B4269436C700CEE9F0 /* NetworkAssistant.swift in Sources */ = {isa = PBXBuildFile; fileRef = C108C8B3269436C700CEE9F0 /* NetworkAssistant.swift */; };
		C108C8B62694386000CEE9F0 /* DataModel.swift in Sources */ = {isa = PBXBuildFile; fileRef = C108C8B52694386000CEE9F0 /* DataModel.swift */; };
		C108C8B826943B9200CEE9F0 /* GlobalConstants.swift in Sources */ = {isa = PBXBuildFile; fileRef = C108C8B726943B9200CEE9F0 /* GlobalConstants.swift */; };
		C108C8BE26947FE400CEE9F0 /* StorageRealmManager.swift in Sources */ = {isa = PBXBuildFile; fileRef = C108C8BD26947FE400CEE9F0 /* StorageRealmManager.swift */; };
		C13F5EC826949C990016BD0B /* FeedbackViewController.swift in Sources */ = {isa = PBXBuildFile; fileRef = C13F5EC726949C990016BD0B /* FeedbackViewController.swift */; };
		D40688D0529D011958A044A6 /* Pods_TestingTwitch.framework in Frameworks */ = {isa = PBXBuildFile; fileRef = 4A710CF300E36D2EE5155CBD /* Pods_TestingTwitch.framework */; };
/* End PBXBuildFile section */

/* Begin PBXFileReference section */
		08D0188B0ECDDB6F2EF420C0 /* Pods-TestingTwitch.debug.xcconfig */ = {isa = PBXFileReference; includeInIndex = 1; lastKnownFileType = text.xcconfig; name = "Pods-TestingTwitch.debug.xcconfig"; path = "Target Support Files/Pods-TestingTwitch/Pods-TestingTwitch.debug.xcconfig"; sourceTree = "<group>"; };
		440C2242C9842A995A0BCEBA /* Pods-TestingTwitch.release.xcconfig */ = {isa = PBXFileReference; includeInIndex = 1; lastKnownFileType = text.xcconfig; name = "Pods-TestingTwitch.release.xcconfig"; path = "Target Support Files/Pods-TestingTwitch/Pods-TestingTwitch.release.xcconfig"; sourceTree = "<group>"; };
		4A710CF300E36D2EE5155CBD /* Pods_TestingTwitch.framework */ = {isa = PBXFileReference; explicitFileType = wrapper.framework; includeInIndex = 0; path = Pods_TestingTwitch.framework; sourceTree = BUILT_PRODUCTS_DIR; };
		C108C883269424EF00CEE9F0 /* TestingTwitch.app */ = {isa = PBXFileReference; explicitFileType = wrapper.application; includeInIndex = 0; path = TestingTwitch.app; sourceTree = BUILT_PRODUCTS_DIR; };
		C108C886269424EF00CEE9F0 /* AppDelegate.swift */ = {isa = PBXFileReference; lastKnownFileType = sourcecode.swift; path = AppDelegate.swift; sourceTree = "<group>"; };
		C108C888269424EF00CEE9F0 /* SceneDelegate.swift */ = {isa = PBXFileReference; lastKnownFileType = sourcecode.swift; path = SceneDelegate.swift; sourceTree = "<group>"; };
		C108C88F269424F000CEE9F0 /* Assets.xcassets */ = {isa = PBXFileReference; lastKnownFileType = folder.assetcatalog; path = Assets.xcassets; sourceTree = "<group>"; };
		C108C892269424F000CEE9F0 /* Base */ = {isa = PBXFileReference; lastKnownFileType = file.storyboard; name = Base; path = Base.lproj/LaunchScreen.storyboard; sourceTree = "<group>"; };
		C108C894269424F000CEE9F0 /* Info.plist */ = {isa = PBXFileReference; lastKnownFileType = text.plist.xml; path = Info.plist; sourceTree = "<group>"; };
		C108C89D2694286E00CEE9F0 /* MainPresenter.swift */ = {isa = PBXFileReference; lastKnownFileType = sourcecode.swift; path = MainPresenter.swift; sourceTree = SOURCE_ROOT; };
		C108C89E2694286E00CEE9F0 /* MainWorker.swift */ = {isa = PBXFileReference; lastKnownFileType = sourcecode.swift; path = MainWorker.swift; sourceTree = SOURCE_ROOT; };
		C108C89F2694286E00CEE9F0 /* MainRequest.swift */ = {isa = PBXFileReference; lastKnownFileType = sourcecode.swift; name = MainRequest.swift; path = TestingTwitch/MainRequest.swift; sourceTree = SOURCE_ROOT; };
		C108C8A02694286E00CEE9F0 /* MainRouter.swift */ = {isa = PBXFileReference; lastKnownFileType = sourcecode.swift; path = MainRouter.swift; sourceTree = SOURCE_ROOT; };
		C108C8A12694286E00CEE9F0 /* MainViewController.swift */ = {isa = PBXFileReference; lastKnownFileType = sourcecode.swift; path = MainViewController.swift; sourceTree = SOURCE_ROOT; };
		C108C8A22694286E00CEE9F0 /* MainInteractor.swift */ = {isa = PBXFileReference; lastKnownFileType = sourcecode.swift; path = MainInteractor.swift; sourceTree = SOURCE_ROOT; };
		C108C8A32694286E00CEE9F0 /* MainConfigurator.swift */ = {isa = PBXFileReference; lastKnownFileType = sourcecode.swift; path = MainConfigurator.swift; sourceTree = SOURCE_ROOT; };
		C108C8AD269428F400CEE9F0 /* RoutingAssitant.swift */ = {isa = PBXFileReference; lastKnownFileType = sourcecode.swift; path = RoutingAssitant.swift; sourceTree = "<group>"; };
		C108C8B126942E8600CEE9F0 /* DefaultMainTableViewCell.swift */ = {isa = PBXFileReference; lastKnownFileType = sourcecode.swift; path = DefaultMainTableViewCell.swift; sourceTree = "<group>"; };
		C108C8B3269436C700CEE9F0 /* NetworkAssistant.swift */ = {isa = PBXFileReference; lastKnownFileType = sourcecode.swift; path = NetworkAssistant.swift; sourceTree = "<group>"; };
		C108C8B52694386000CEE9F0 /* DataModel.swift */ = {isa = PBXFileReference; lastKnownFileType = sourcecode.swift; path = DataModel.swift; sourceTree = "<group>"; };
		C108C8B726943B9200CEE9F0 /* GlobalConstants.swift */ = {isa = PBXFileReference; lastKnownFileType = sourcecode.swift; path = GlobalConstants.swift; sourceTree = "<group>"; };
		C108C8BD26947FE400CEE9F0 /* StorageRealmManager.swift */ = {isa = PBXFileReference; lastKnownFileType = sourcecode.swift; path = StorageRealmManager.swift; sourceTree = "<group>"; };
		C13F5EC726949C990016BD0B /* FeedbackViewController.swift */ = {isa = PBXFileReference; lastKnownFileType = sourcecode.swift; path = FeedbackViewController.swift; sourceTree = "<group>"; };
/* End PBXFileReference section */

/* Begin PBXFrameworksBuildPhase section */
		C108C880269424EF00CEE9F0 /* Frameworks */ = {
			isa = PBXFrameworksBuildPhase;
			buildActionMask = 2147483647;
			files = (
				D40688D0529D011958A044A6 /* Pods_TestingTwitch.framework in Frameworks */,
			);
			runOnlyForDeploymentPostprocessing = 0;
		};
/* End PBXFrameworksBuildPhase section */

/* Begin PBXGroup section */
		154B88DFACB8F6C459EA1951 /* Frameworks */ = {
			isa = PBXGroup;
			children = (
				4A710CF300E36D2EE5155CBD /* Pods_TestingTwitch.framework */,
			);
			name = Frameworks;
			sourceTree = "<group>";
		};
		3BF30C879A8B4CBE5A24D4FC /* Pods */ = {
			isa = PBXGroup;
			children = (
				08D0188B0ECDDB6F2EF420C0 /* Pods-TestingTwitch.debug.xcconfig */,
				440C2242C9842A995A0BCEBA /* Pods-TestingTwitch.release.xcconfig */,
			);
			path = Pods;
			sourceTree = "<group>";
		};
		C108C87A269424EF00CEE9F0 = {
			isa = PBXGroup;
			children = (
				C108C885269424EF00CEE9F0 /* TestingTwitch */,
				C108C884269424EF00CEE9F0 /* Products */,
				3BF30C879A8B4CBE5A24D4FC /* Pods */,
				154B88DFACB8F6C459EA1951 /* Frameworks */,
			);
			sourceTree = "<group>";
		};
		C108C884269424EF00CEE9F0 /* Products */ = {
			isa = PBXGroup;
			children = (
				C108C883269424EF00CEE9F0 /* TestingTwitch.app */,
			);
			name = Products;
			sourceTree = "<group>";
		};
		C108C885269424EF00CEE9F0 /* TestingTwitch */ = {
			isa = PBXGroup;
			children = (
				C108C886269424EF00CEE9F0 /* AppDelegate.swift */,
				C108C888269424EF00CEE9F0 /* SceneDelegate.swift */,
				C108C8AD269428F400CEE9F0 /* RoutingAssitant.swift */,
				C108C8B3269436C700CEE9F0 /* NetworkAssistant.swift */,
				C108C89F2694286E00CEE9F0 /* MainRequest.swift */,
				C108C8B52694386000CEE9F0 /* DataModel.swift */,
				C108C8BD26947FE400CEE9F0 /* StorageRealmManager.swift */,
				C108C8B726943B9200CEE9F0 /* GlobalConstants.swift */,
				C108C89A2694284E00CEE9F0 /* Modules */,
				C108C88F269424F000CEE9F0 /* Assets.xcassets */,
				C108C891269424F000CEE9F0 /* LaunchScreen.storyboard */,
				C108C894269424F000CEE9F0 /* Info.plist */,
			);
			path = TestingTwitch;
			sourceTree = "<group>";
		};
		C108C89A2694284E00CEE9F0 /* Modules */ = {
			isa = PBXGroup;
			children = (
				C108C89B2694285C00CEE9F0 /* Main */,
			);
			path = Modules;
			sourceTree = "<group>";
		};
		C108C89B2694285C00CEE9F0 /* Main */ = {
			isa = PBXGroup;
			children = (
				C108C89D2694286E00CEE9F0 /* MainPresenter.swift */,
				C108C89E2694286E00CEE9F0 /* MainWorker.swift */,
				C108C8A02694286E00CEE9F0 /* MainRouter.swift */,
				C108C8A12694286E00CEE9F0 /* MainViewController.swift */,
				C108C8A22694286E00CEE9F0 /* MainInteractor.swift */,
				C108C8A32694286E00CEE9F0 /* MainConfigurator.swift */,
				C108C8B026942C9C00CEE9F0 /* RouteTargets */,
				C108C8AF26942C7400CEE9F0 /* Cell */,
			);
			path = Main;
			sourceTree = "<group>";
		};
		C108C8AF26942C7400CEE9F0 /* Cell */ = {
			isa = PBXGroup;
			children = (
				C108C8B126942E8600CEE9F0 /* DefaultMainTableViewCell.swift */,
			);
			path = Cell;
			sourceTree = "<group>";
		};
		C108C8B026942C9C00CEE9F0 /* RouteTargets */ = {
			isa = PBXGroup;
			children = (
				C13F5EC726949C990016BD0B /* FeedbackViewController.swift */,
			);
			path = RouteTargets;
			sourceTree = "<group>";
		};
/* End PBXGroup section */

/* Begin PBXNativeTarget section */
		C108C882269424EF00CEE9F0 /* TestingTwitch */ = {
			isa = PBXNativeTarget;
			buildConfigurationList = C108C897269424F000CEE9F0 /* Build configuration list for PBXNativeTarget "TestingTwitch" */;
			buildPhases = (
				8887D02FD81339CD923ED14A /* [CP] Check Pods Manifest.lock */,
				C108C87F269424EF00CEE9F0 /* Sources */,
				C108C880269424EF00CEE9F0 /* Frameworks */,
				C108C881269424EF00CEE9F0 /* Resources */,
				06761638ED41F7DC494BA427 /* [CP] Embed Pods Frameworks */,
			);
			buildRules = (
			);
			dependencies = (
			);
			name = TestingTwitch;
			productName = TestingTwitch;
			productReference = C108C883269424EF00CEE9F0 /* TestingTwitch.app */;
			productType = "com.apple.product-type.application";
		};
/* End PBXNativeTarget section */

/* Begin PBXProject section */
		C108C87B269424EF00CEE9F0 /* Project object */ = {
			isa = PBXProject;
			attributes = {
				LastSwiftUpdateCheck = 1250;
				LastUpgradeCheck = 1250;
				TargetAttributes = {
					C108C882269424EF00CEE9F0 = {
						CreatedOnToolsVersion = 12.5;
					};
				};
			};
			buildConfigurationList = C108C87E269424EF00CEE9F0 /* Build configuration list for PBXProject "TestingTwitch" */;
			compatibilityVersion = "Xcode 9.3";
			developmentRegion = en;
			hasScannedForEncodings = 0;
			knownRegions = (
				en,
				Base,
			);
			mainGroup = C108C87A269424EF00CEE9F0;
			productRefGroup = C108C884269424EF00CEE9F0 /* Products */;
			projectDirPath = "";
			projectRoot = "";
			targets = (
				C108C882269424EF00CEE9F0 /* TestingTwitch */,
			);
		};
/* End PBXProject section */

/* Begin PBXResourcesBuildPhase section */
		C108C881269424EF00CEE9F0 /* Resources */ = {
			isa = PBXResourcesBuildPhase;
			buildActionMask = 2147483647;
			files = (
				C108C893269424F000CEE9F0 /* LaunchScreen.storyboard in Resources */,
				C108C890269424F000CEE9F0 /* Assets.xcassets in Resources */,
			);
			runOnlyForDeploymentPostprocessing = 0;
		};
/* End PBXResourcesBuildPhase section */

/* Begin PBXShellScriptBuildPhase section */
		06761638ED41F7DC494BA427 /* [CP] Embed Pods Frameworks */ = {
			isa = PBXShellScriptBuildPhase;
			buildActionMask = 2147483647;
			files = (
			);
			inputFileListPaths = (
				"${PODS_ROOT}/Target Support Files/Pods-TestingTwitch/Pods-TestingTwitch-frameworks-${CONFIGURATION}-input-files.xcfilelist",
			);
			name = "[CP] Embed Pods Frameworks";
			outputFileListPaths = (
				"${PODS_ROOT}/Target Support Files/Pods-TestingTwitch/Pods-TestingTwitch-frameworks-${CONFIGURATION}-output-files.xcfilelist",
			);
			runOnlyForDeploymentPostprocessing = 0;
			shellPath = /bin/sh;
			shellScript = "\"${PODS_ROOT}/Target Support Files/Pods-TestingTwitch/Pods-TestingTwitch-frameworks.sh\"\n";
			showEnvVarsInLog = 0;
		};
		8887D02FD81339CD923ED14A /* [CP] Check Pods Manifest.lock */ = {
			isa = PBXShellScriptBuildPhase;
			buildActionMask = 2147483647;
			files = (
			);
			inputFileListPaths = (
			);
			inputPaths = (
				"${PODS_PODFILE_DIR_PATH}/Podfile.lock",
				"${PODS_ROOT}/Manifest.lock",
			);
			name = "[CP] Check Pods Manifest.lock";
			outputFileListPaths = (
			);
			outputPaths = (
				"$(DERIVED_FILE_DIR)/Pods-TestingTwitch-checkManifestLockResult.txt",
			);
			runOnlyForDeploymentPostprocessing = 0;
			shellPath = /bin/sh;
			shellScript = "diff \"${PODS_PODFILE_DIR_PATH}/Podfile.lock\" \"${PODS_ROOT}/Manifest.lock\" > /dev/null\nif [ $? != 0 ] ; then\n    # print error to STDERR\n    echo \"error: The sandbox is not in sync with the Podfile.lock. Run 'pod install' or update your CocoaPods installation.\" >&2\n    exit 1\nfi\n# This output is used by Xcode 'outputs' to avoid re-running this script phase.\necho \"SUCCESS\" > \"${SCRIPT_OUTPUT_FILE_0}\"\n";
			showEnvVarsInLog = 0;
		};
/* End PBXShellScriptBuildPhase section */

/* Begin PBXSourcesBuildPhase section */
		C108C87F269424EF00CEE9F0 /* Sources */ = {
			isa = PBXSourcesBuildPhase;
			buildActionMask = 2147483647;
			files = (
				C108C887269424EF00CEE9F0 /* AppDelegate.swift in Sources */,
				C108C8A82694286E00CEE9F0 /* MainRouter.swift in Sources */,
				C108C8B226942E8600CEE9F0 /* DefaultMainTableViewCell.swift in Sources */,
				C108C889269424EF00CEE9F0 /* SceneDelegate.swift in Sources */,
				C108C8A72694286E00CEE9F0 /* MainRequest.swift in Sources */,
				C108C8AE269428F400CEE9F0 /* RoutingAssitant.swift in Sources */,
				C108C8B826943B9200CEE9F0 /* GlobalConstants.swift in Sources */,
				C108C8BE26947FE400CEE9F0 /* StorageRealmManager.swift in Sources */,
				C108C8B62694386000CEE9F0 /* DataModel.swift in Sources */,
				C108C8AA2694286E00CEE9F0 /* MainInteractor.swift in Sources */,
				C108C8B4269436C700CEE9F0 /* NetworkAssistant.swift in Sources */,
				C13F5EC826949C990016BD0B /* FeedbackViewController.swift in Sources */,
				C108C8A62694286E00CEE9F0 /* MainWorker.swift in Sources */,
				C108C8A52694286E00CEE9F0 /* MainPresenter.swift in Sources */,
				C108C8A92694286E00CEE9F0 /* MainViewController.swift in Sources */,
				C108C8AB2694286E00CEE9F0 /* MainConfigurator.swift in Sources */,
			);
			runOnlyForDeploymentPostprocessing = 0;
		};
/* End PBXSourcesBuildPhase section */

/* Begin PBXVariantGroup section */
		C108C891269424F000CEE9F0 /* LaunchScreen.storyboard */ = {
			isa = PBXVariantGroup;
			children = (
				C108C892269424F000CEE9F0 /* Base */,
			);
			name = LaunchScreen.storyboard;
			sourceTree = "<group>";
		};
/* End PBXVariantGroup section */

/* Begin XCBuildConfiguration section */
		C108C895269424F000CEE9F0 /* Debug */ = {
			isa = XCBuildConfiguration;
			buildSettings = {
				ALWAYS_SEARCH_USER_PATHS = NO;
				CLANG_ANALYZER_NONNULL = YES;
				CLANG_ANALYZER_NUMBER_OBJECT_CONVERSION = YES_AGGRESSIVE;
				CLANG_CXX_LANGUAGE_STANDARD = "gnu++14";
				CLANG_CXX_LIBRARY = "libc++";
				CLANG_ENABLE_MODULES = YES;
				CLANG_ENABLE_OBJC_ARC = YES;
				CLANG_ENABLE_OBJC_WEAK = YES;
				CLANG_WARN_BLOCK_CAPTURE_AUTORELEASING = YES;
				CLANG_WARN_BOOL_CONVERSION = YES;
				CLANG_WARN_COMMA = YES;
				CLANG_WARN_CONSTANT_CONVERSION = YES;
				CLANG_WARN_DEPRECATED_OBJC_IMPLEMENTATIONS = YES;
				CLANG_WARN_DIRECT_OBJC_ISA_USAGE = YES_ERROR;
				CLANG_WARN_DOCUMENTATION_COMMENTS = YES;
				CLANG_WARN_EMPTY_BODY = YES;
				CLANG_WARN_ENUM_CONVERSION = YES;
				CLANG_WARN_INFINITE_RECURSION = YES;
				CLANG_WARN_INT_CONVERSION = YES;
				CLANG_WARN_NON_LITERAL_NULL_CONVERSION = YES;
				CLANG_WARN_OBJC_IMPLICIT_RETAIN_SELF = YES;
				CLANG_WARN_OBJC_LITERAL_CONVERSION = YES;
				CLANG_WARN_OBJC_ROOT_CLASS = YES_ERROR;
				CLANG_WARN_QUOTED_INCLUDE_IN_FRAMEWORK_HEADER = YES;
				CLANG_WARN_RANGE_LOOP_ANALYSIS = YES;
				CLANG_WARN_STRICT_PROTOTYPES = YES;
				CLANG_WARN_SUSPICIOUS_MOVE = YES;
				CLANG_WARN_UNGUARDED_AVAILABILITY = YES_AGGRESSIVE;
				CLANG_WARN_UNREACHABLE_CODE = YES;
				CLANG_WARN__DUPLICATE_METHOD_MATCH = YES;
				COPY_PHASE_STRIP = NO;
				DEBUG_INFORMATION_FORMAT = dwarf;
				ENABLE_STRICT_OBJC_MSGSEND = YES;
				ENABLE_TESTABILITY = YES;
				GCC_C_LANGUAGE_STANDARD = gnu11;
				GCC_DYNAMIC_NO_PIC = NO;
				GCC_NO_COMMON_BLOCKS = YES;
				GCC_OPTIMIZATION_LEVEL = 0;
				GCC_PREPROCESSOR_DEFINITIONS = (
					"DEBUG=1",
					"$(inherited)",
				);
				GCC_WARN_64_TO_32_BIT_CONVERSION = YES;
				GCC_WARN_ABOUT_RETURN_TYPE = YES_ERROR;
				GCC_WARN_UNDECLARED_SELECTOR = YES;
				GCC_WARN_UNINITIALIZED_AUTOS = YES_AGGRESSIVE;
				GCC_WARN_UNUSED_FUNCTION = YES;
				GCC_WARN_UNUSED_VARIABLE = YES;
				IPHONEOS_DEPLOYMENT_TARGET = 14.5;
				MTL_ENABLE_DEBUG_INFO = INCLUDE_SOURCE;
				MTL_FAST_MATH = YES;
				ONLY_ACTIVE_ARCH = YES;
				SDKROOT = iphoneos;
				SWIFT_ACTIVE_COMPILATION_CONDITIONS = DEBUG;
				SWIFT_OPTIMIZATION_LEVEL = "-Onone";
			};
			name = Debug;
		};
		C108C896269424F000CEE9F0 /* Release */ = {
			isa = XCBuildConfiguration;
			buildSettings = {
				ALWAYS_SEARCH_USER_PATHS = NO;
				CLANG_ANALYZER_NONNULL = YES;
				CLANG_ANALYZER_NUMBER_OBJECT_CONVERSION = YES_AGGRESSIVE;
				CLANG_CXX_LANGUAGE_STANDARD = "gnu++14";
				CLANG_CXX_LIBRARY = "libc++";
				CLANG_ENABLE_MODULES = YES;
				CLANG_ENABLE_OBJC_ARC = YES;
				CLANG_ENABLE_OBJC_WEAK = YES;
				CLANG_WARN_BLOCK_CAPTURE_AUTORELEASING = YES;
				CLANG_WARN_BOOL_CONVERSION = YES;
				CLANG_WARN_COMMA = YES;
				CLANG_WARN_CONSTANT_CONVERSION = YES;
				CLANG_WARN_DEPRECATED_OBJC_IMPLEMENTATIONS = YES;
				CLANG_WARN_DIRECT_OBJC_ISA_USAGE = YES_ERROR;
				CLANG_WARN_DOCUMENTATION_COMMENTS = YES;
				CLANG_WARN_EMPTY_BODY = YES;
				CLANG_WARN_ENUM_CONVERSION = YES;
				CLANG_WARN_INFINITE_RECURSION = YES;
				CLANG_WARN_INT_CONVERSION = YES;
				CLANG_WARN_NON_LITERAL_NULL_CONVERSION = YES;
				CLANG_WARN_OBJC_IMPLICIT_RETAIN_SELF = YES;
				CLANG_WARN_OBJC_LITERAL_CONVERSION = YES;
				CLANG_WARN_OBJC_ROOT_CLASS = YES_ERROR;
				CLANG_WARN_QUOTED_INCLUDE_IN_FRAMEWORK_HEADER = YES;
				CLANG_WARN_RANGE_LOOP_ANALYSIS = YES;
				CLANG_WARN_STRICT_PROTOTYPES = YES;
				CLANG_WARN_SUSPICIOUS_MOVE = YES;
				CLANG_WARN_UNGUARDED_AVAILABILITY = YES_AGGRESSIVE;
				CLANG_WARN_UNREACHABLE_CODE = YES;
				CLANG_WARN__DUPLICATE_METHOD_MATCH = YES;
				COPY_PHASE_STRIP = NO;
				DEBUG_INFORMATION_FORMAT = "dwarf-with-dsym";
				ENABLE_NS_ASSERTIONS = NO;
				ENABLE_STRICT_OBJC_MSGSEND = YES;
				GCC_C_LANGUAGE_STANDARD = gnu11;
				GCC_NO_COMMON_BLOCKS = YES;
				GCC_WARN_64_TO_32_BIT_CONVERSION = YES;
				GCC_WARN_ABOUT_RETURN_TYPE = YES_ERROR;
				GCC_WARN_UNDECLARED_SELECTOR = YES;
				GCC_WARN_UNINITIALIZED_AUTOS = YES_AGGRESSIVE;
				GCC_WARN_UNUSED_FUNCTION = YES;
				GCC_WARN_UNUSED_VARIABLE = YES;
				IPHONEOS_DEPLOYMENT_TARGET = 14.5;
				MTL_ENABLE_DEBUG_INFO = NO;
				MTL_FAST_MATH = YES;
				SDKROOT = iphoneos;
				SWIFT_COMPILATION_MODE = wholemodule;
				SWIFT_OPTIMIZATION_LEVEL = "-O";
				VALIDATE_PRODUCT = YES;
			};
			name = Release;
		};
		C108C898269424F000CEE9F0 /* Debug */ = {
			isa = XCBuildConfiguration;
			baseConfigurationReference = 08D0188B0ECDDB6F2EF420C0 /* Pods-TestingTwitch.debug.xcconfig */;
			buildSettings = {
				ASSETCATALOG_COMPILER_APPICON_NAME = AppIcon;
				ASSETCATALOG_COMPILER_GLOBAL_ACCENT_COLOR_NAME = AccentColor;
				CODE_SIGN_STYLE = Automatic;
				DEVELOPMENT_TEAM = LF5FT94NU2;
				INFOPLIST_FILE = TestingTwitch/Info.plist;
				LD_RUNPATH_SEARCH_PATHS = (
					"$(inherited)",
					"@executable_path/Frameworks",
				);
				PRODUCT_BUNDLE_IDENTIFIER = "-.TestingTwitch";
				PRODUCT_NAME = "$(TARGET_NAME)";
				SWIFT_VERSION = 5.0;
				TARGETED_DEVICE_FAMILY = "1,2";
			};
			name = Debug;
		};
		C108C899269424F000CEE9F0 /* Release */ = {
			isa = XCBuildConfiguration;
			baseConfigurationReference = 440C2242C9842A995A0BCEBA /* Pods-TestingTwitch.release.xcconfig */;
			buildSettings = {
				ASSETCATALOG_COMPILER_APPICON_NAME = AppIcon;
				ASSETCATALOG_COMPILER_GLOBAL_ACCENT_COLOR_NAME = AccentColor;
				CODE_SIGN_STYLE = Automatic;
				DEVELOPMENT_TEAM = LF5FT94NU2;
				INFOPLIST_FILE = TestingTwitch/Info.plist;
				LD_RUNPATH_SEARCH_PATHS = (
					"$(inherited)",
					"@executable_path/Frameworks",
				);
				PRODUCT_BUNDLE_IDENTIFIER = "-.TestingTwitch";
				PRODUCT_NAME = "$(TARGET_NAME)";
				SWIFT_VERSION = 5.0;
				TARGETED_DEVICE_FAMILY = "1,2";
			};
			name = Release;
		};
/* End XCBuildConfiguration section */

/* Begin XCConfigurationList section */
		C108C87E269424EF00CEE9F0 /* Build configuration list for PBXProject "TestingTwitch" */ = {
			isa = XCConfigurationList;
			buildConfigurations = (
				C108C895269424F000CEE9F0 /* Debug */,
				C108C896269424F000CEE9F0 /* Release */,
			);
			defaultConfigurationIsVisible = 0;
			defaultConfigurationName = Release;
		};
		C108C897269424F000CEE9F0 /* Build configuration list for PBXNativeTarget "TestingTwitch" */ = {
			isa = XCConfigurationList;
			buildConfigurations = (
				C108C898269424F000CEE9F0 /* Debug */,
				C108C899269424F000CEE9F0 /* Release */,
			);
			defaultConfigurationIsVisible = 0;
			defaultConfigurationName = Release;
		};
/* End XCConfigurationList section */
	};
	rootObject = C108C87B269424EF00CEE9F0 /* Project object */;
}
